hash: 1c3a07285e35bde63535096f4c7210a8dc0b6042254d8a5b4edacb91d47de19d
updated: 2016-07-01T15:19:42.0605339-06:00
imports:
- name: github.com/garyburd/go-oauth
  version: 719b069913e1151a73ea30d2ea4f90deda3ce234
  subpackages:
  - oauth
- name: github.com/Sirupsen/logrus
  version: f3cfb454f4c209e6668c95216c4744b8fddb2356
- name: golang.org/x/sys
  version: 62bee037599929a6e9146f29d10dd5208c43507d
  subpackages:
  - unix
devImports: []
